
Microsoft Visual Studio Solution File, Format Version 12.00
# Visual Studio Version 16
VisualStudioVersion = 16.0.28803.352
MinimumVisualStudioVersion = 10.0.40219.1
Project("{9A19103F-16F7-4668-BE54-9A1E7A4F7556}") = "FunctionFramework.Core", "..\..\src\FunctionFramework.Core\FunctionFramework.Core.csproj", "{F9E7779D-4DCE-4C98-AEEE-B5FA5D74FBBE}"
EndProject
Project("{9A19103F-16F7-4668-BE54-9A1E7A4F7556}") = "NoConfiguration", "NoConfiguration.csproj", "{1F1D2382-AA22-404E-806D-AA53D16A41D8}"
EndProject
Global
	GlobalSection(SolutionConfigurationPlatforms) = preSolution
		Debug|Any CPU = Debug|Any CPU
		Release|Any CPU = Release|Any CPU
	EndGlobalSection
	GlobalSection(ProjectConfigurationPlatforms) = postSolution
		{F9E7779D-4DCE-4C98-AEEE-B5FA5D74FBBE}.Debug|Any CPU.ActiveCfg = Debug|Any CPU
		{F9E7779D-4DCE-4C98-AEEE-B5FA5D74FBBE}.Debug|Any CPU.Build.0 = Debug|Any CPU
		{F9E7779D-4DCE-4C98-AEEE-B5FA5D74FBBE}.Release|Any CPU.ActiveCfg = Release|Any CPU
		{F9E7779D-4DCE-4C98-AEEE-B5FA5D74FBBE}.Release|Any CPU.Build.0 = Release|Any CPU
		{1F1D2382-AA22-404E-806D-AA53D16A41D8}.Debug|Any CPU.ActiveCfg = Debug|Any CPU
		{1F1D2382-AA22-404E-806D-AA53D16A41D8}.Debug|Any CPU.Build.0 = Debug|Any CPU
		{1F1D2382-AA22-404E-806D-AA53D16A41D8}.Release|Any CPU.ActiveCfg = Release|Any CPU
		{1F1D2382-AA22-404E-806D-AA53D16A41D8}.Release|Any CPU.Build.0 = Release|Any CPU
	EndGlobalSection
	GlobalSection(SolutionProperties) = preSolution
		HideSolutionNode = FALSE
	EndGlobalSection
	GlobalSection(ExtensibilityGlobals) = postSolution
		SolutionGuid = {C41EB018-759B-4AF9-B6A8-19E1525D6E11}
	EndGlobalSection
EndGlobal
