
Microsoft Visual Studio Solution File, Format Version 12.00
# Visual Studio Version 16
VisualStudioVersion = 16.0.28803.352
MinimumVisualStudioVersion = 10.0.40219.1
Project("{9A19103F-16F7-4668-BE54-9A1E7A4F7556}") = "FunctionFramework.Core", "..\..\src\FunctionFramework.Core\FunctionFramework.Core.csproj", "{F9E7779D-4DCE-4C98-AEEE-B5FA5D74FBBE}"
EndProject
Project("{9A19103F-16F7-4668-BE54-9A1E7A4F7556}") = "CodeConfiguration", "CodeConfiguration.csproj", "{1F1D2382-AA22-404E-806D-AA53D16A41D8}"
EndProject
Project("{FAE04EC0-301F-11D3-BF4B-00C04F79EFBC}") = "Weikio.AspNetCore.Common", "..\..\..\Common\Weikio.AspNetCore.Common\Weikio.AspNetCore.Common.csproj", "{8F9CA8A3-83D5-43EB-A560-05750F5BAC00}"
EndProject
Project("{FAE04EC0-301F-11D3-BF4B-00C04F79EFBC}") = "Weikio.AspNetCore.StartupTasks", "..\..\..\Common\Weikio.AspNetCore.StartupTasks\Weikio.AspNetCore.StartupTasks.csproj", "{77AC1A52-75AF-4D77-8E2C-F547B507DA58}"
EndProject
Project("{FAE04EC0-301F-11D3-BF4B-00C04F79EFBC}") = "Weikio.Common", "..\..\..\Common\Weikio.Common\Weikio.Common.csproj", "{3DA3926D-972B-4024-B90D-3768C9415F5A}"
EndProject
Project("{FAE04EC0-301F-11D3-BF4B-00C04F79EFBC}") = "FunctionFramework.Plugins.HelloWorld", "..\..\src\Plugins\FunctionFramework.Plugins.HelloWorld\FunctionFramework.Plugins.HelloWorld.csproj", "{B2C66E93-23AE-496F-A9CF-812AF418C219}"
EndProject
Project("{FAE04EC0-301F-11D3-BF4B-00C04F79EFBC}") = "Weikio.PluginFramework", "..\..\..\Weikio.PluginFramework\Weikio.PluginFramework.csproj", "{BDD35B62-153E-47DF-A7D1-F83A31A12D24}"
EndProject
Project("{FAE04EC0-301F-11D3-BF4B-00C04F79EFBC}") = "Weikio.FunctionFramework.FunctionProviders.PluginFramework", "..\..\src\Weikio.FunctionFramework.FunctionProviders.PluginFramework\Weikio.FunctionFramework.FunctionProviders.PluginFramework.csproj", "{84BE7423-D8CA-4EF4-8BF2-3CED2FAF27EA}"
EndProject
Project("{FAE04EC0-301F-11D3-BF4B-00C04F79EFBC}") = "Weikio.FunctionFramework.Abstractions", "..\..\src\Weikio.FunctionFramework.Abstractions\Weikio.FunctionFramework.Abstractions.csproj", "{9051EEFA-734F-4B86-9ABD-7FA95BE13A45}"
EndProject
Project("{FAE04EC0-301F-11D3-BF4B-00C04F79EFBC}") = "Weikio.FunctionFramework.AspNetCore", "..\..\src\Weikio.FunctionFramework.AspNetCore\Weikio.FunctionFramework.AspNetCore.csproj", "{40E47868-C405-4BC6-B4DC-27157E3BAE14}"
EndProject
Global
	GlobalSection(SolutionConfigurationPlatforms) = preSolution
		Debug|Any CPU = Debug|Any CPU
		Release|Any CPU = Release|Any CPU
	EndGlobalSection
	GlobalSection(ProjectConfigurationPlatforms) = postSolution
		{F9E7779D-4DCE-4C98-AEEE-B5FA5D74FBBE}.Debug|Any CPU.ActiveCfg = Debug|Any CPU
		{F9E7779D-4DCE-4C98-AEEE-B5FA5D74FBBE}.Debug|Any CPU.Build.0 = Debug|Any CPU
		{F9E7779D-4DCE-4C98-AEEE-B5FA5D74FBBE}.Release|Any CPU.ActiveCfg = Release|Any CPU
		{F9E7779D-4DCE-4C98-AEEE-B5FA5D74FBBE}.Release|Any CPU.Build.0 = Release|Any CPU
		{1F1D2382-AA22-404E-806D-AA53D16A41D8}.Debug|Any CPU.ActiveCfg = Debug|Any CPU
		{1F1D2382-AA22-404E-806D-AA53D16A41D8}.Debug|Any CPU.Build.0 = Debug|Any CPU
		{1F1D2382-AA22-404E-806D-AA53D16A41D8}.Release|Any CPU.ActiveCfg = Release|Any CPU
		{1F1D2382-AA22-404E-806D-AA53D16A41D8}.Release|Any CPU.Build.0 = Release|Any CPU
		{8F9CA8A3-83D5-43EB-A560-05750F5BAC00}.Debug|Any CPU.ActiveCfg = Debug|Any CPU
		{8F9CA8A3-83D5-43EB-A560-05750F5BAC00}.Debug|Any CPU.Build.0 = Debug|Any CPU
		{8F9CA8A3-83D5-43EB-A560-05750F5BAC00}.Release|Any CPU.ActiveCfg = Release|Any CPU
		{8F9CA8A3-83D5-43EB-A560-05750F5BAC00}.Release|Any CPU.Build.0 = Release|Any CPU
		{77AC1A52-75AF-4D77-8E2C-F547B507DA58}.Debug|Any CPU.ActiveCfg = Debug|Any CPU
		{77AC1A52-75AF-4D77-8E2C-F547B507DA58}.Debug|Any CPU.Build.0 = Debug|Any CPU
		{77AC1A52-75AF-4D77-8E2C-F547B507DA58}.Release|Any CPU.ActiveCfg = Release|Any CPU
		{77AC1A52-75AF-4D77-8E2C-F547B507DA58}.Release|Any CPU.Build.0 = Release|Any CPU
		{3DA3926D-972B-4024-B90D-3768C9415F5A}.Debug|Any CPU.ActiveCfg = Debug|Any CPU
		{3DA3926D-972B-4024-B90D-3768C9415F5A}.Debug|Any CPU.Build.0 = Debug|Any CPU
		{3DA3926D-972B-4024-B90D-3768C9415F5A}.Release|Any CPU.ActiveCfg = Release|Any CPU
		{3DA3926D-972B-4024-B90D-3768C9415F5A}.Release|Any CPU.Build.0 = Release|Any CPU
		{B2C66E93-23AE-496F-A9CF-812AF418C219}.Debug|Any CPU.ActiveCfg = Debug|Any CPU
		{B2C66E93-23AE-496F-A9CF-812AF418C219}.Debug|Any CPU.Build.0 = Debug|Any CPU
		{B2C66E93-23AE-496F-A9CF-812AF418C219}.Release|Any CPU.ActiveCfg = Release|Any CPU
		{B2C66E93-23AE-496F-A9CF-812AF418C219}.Release|Any CPU.Build.0 = Release|Any CPU
		{BDD35B62-153E-47DF-A7D1-F83A31A12D24}.Debug|Any CPU.ActiveCfg = Debug|Any CPU
		{BDD35B62-153E-47DF-A7D1-F83A31A12D24}.Debug|Any CPU.Build.0 = Debug|Any CPU
		{BDD35B62-153E-47DF-A7D1-F83A31A12D24}.Release|Any CPU.ActiveCfg = Release|Any CPU
		{BDD35B62-153E-47DF-A7D1-F83A31A12D24}.Release|Any CPU.Build.0 = Release|Any CPU
		{84BE7423-D8CA-4EF4-8BF2-3CED2FAF27EA}.Debug|Any CPU.ActiveCfg = Debug|Any CPU
		{84BE7423-D8CA-4EF4-8BF2-3CED2FAF27EA}.Debug|Any CPU.Build.0 = Debug|Any CPU
		{84BE7423-D8CA-4EF4-8BF2-3CED2FAF27EA}.Release|Any CPU.ActiveCfg = Release|Any CPU
		{84BE7423-D8CA-4EF4-8BF2-3CED2FAF27EA}.Release|Any CPU.Build.0 = Release|Any CPU
		{9051EEFA-734F-4B86-9ABD-7FA95BE13A45}.Debug|Any CPU.ActiveCfg = Debug|Any CPU
		{9051EEFA-734F-4B86-9ABD-7FA95BE13A45}.Debug|Any CPU.Build.0 = Debug|Any CPU
		{9051EEFA-734F-4B86-9ABD-7FA95BE13A45}.Release|Any CPU.ActiveCfg = Release|Any CPU
		{9051EEFA-734F-4B86-9ABD-7FA95BE13A45}.Release|Any CPU.Build.0 = Release|Any CPU
		{40E47868-C405-4BC6-B4DC-27157E3BAE14}.Debug|Any CPU.ActiveCfg = Debug|Any CPU
		{40E47868-C405-4BC6-B4DC-27157E3BAE14}.Debug|Any CPU.Build.0 = Debug|Any CPU
		{40E47868-C405-4BC6-B4DC-27157E3BAE14}.Release|Any CPU.ActiveCfg = Release|Any CPU
		{40E47868-C405-4BC6-B4DC-27157E3BAE14}.Release|Any CPU.Build.0 = Release|Any CPU
	EndGlobalSection
	GlobalSection(SolutionProperties) = preSolution
		HideSolutionNode = FALSE
	EndGlobalSection
	GlobalSection(ExtensibilityGlobals) = postSolution
		SolutionGuid = {C41EB018-759B-4AF9-B6A8-19E1525D6E11}
	EndGlobalSection
EndGlobal
