
Microsoft Visual Studio Solution File, Format Version 12.00
# Visual Studio Version 16
VisualStudioVersion = 16.0.28803.156
MinimumVisualStudioVersion = 10.0.40219.1
Project("{9A19103F-16F7-4668-BE54-9A1E7A4F7556}") = "Weikio.ApiFramework.Core", "Weikio.ApiFramework.Core\Weikio.ApiFramework.Core.csproj", "{F9E7779D-4DCE-4C98-AEEE-B5FA5D74FBBE}"
EndProject
Project("{2150E333-8FDC-42A3-9474-1A3956D46DE8}") = "Plugins", "Plugins", "{D5FF3F7D-2ADF-49EA-BD3C-E6632BEEE53F}"
EndProject
Project("{9A19103F-16F7-4668-BE54-9A1E7A4F7556}") = "Weikio.ApiFramework.Plugins.HelloWorld", "Plugins\Weikio.ApiFramework.Plugins.HelloWorld\Weikio.ApiFramework.Plugins.HelloWorld.csproj", "{15267FDE-608A-46F6-A918-13C77D597A40}"
EndProject
Project("{9A19103F-16F7-4668-BE54-9A1E7A4F7556}") = "Weikio.ApiFramework.Admin", "Weikio.ApiFramework.Admin\Weikio.ApiFramework.Admin.csproj", "{63463C86-D35E-4B65-9869-A4EBB18A5449}"
EndProject
Project("{9A19103F-16F7-4668-BE54-9A1E7A4F7556}") = "Weikio.ApiFramework.AspNetCore", "Weikio.ApiFramework.AspNetCore\Weikio.ApiFramework.AspNetCore.csproj", "{74D5A0AA-D1A1-47E5-8316-4022D0E655F9}"
EndProject
Project("{9A19103F-16F7-4668-BE54-9A1E7A4F7556}") = "Weikio.ApiFramework.ApiProviders.PluginFramework", "Weikio.ApiFramework.ApiProviders.PluginFramework\Weikio.ApiFramework.ApiProviders.PluginFramework.csproj", "{A0F0B1E8-A4EB-4ED8-A945-F258A86B2F79}"
EndProject
Project("{9A19103F-16F7-4668-BE54-9A1E7A4F7556}") = "Weikio.ApiFramework.Samples.CodeConfiguration", "..\samples\Weikio.ApiFramework.Samples.CodeConfiguration\Weikio.ApiFramework.Samples.CodeConfiguration.csproj", "{BB95A971-E3AD-4AE5-8F64-661ED463F093}"
EndProject
Project("{9A19103F-16F7-4668-BE54-9A1E7A4F7556}") = "Weikio.ApiFramework.Samples.NoConfiguration", "..\samples\Weikio.ApiFramework.Samples.NoConfiguration\Weikio.ApiFramework.Samples.NoConfiguration.csproj", "{53C96A4B-92B4-4402-A88C-0282E50511BB}"
EndProject
Project("{9A19103F-16F7-4668-BE54-9A1E7A4F7556}") = "Weikio.ApiFramework.Samples.RuntimeConfiguration", "..\samples\Weikio.ApiFramework.Samples.RuntimeConfiguration\Weikio.ApiFramework.Samples.RuntimeConfiguration.csproj", "{5A58C061-C781-4C0B-A6FC-748F37E0A2A3}"
EndProject
Project("{2150E333-8FDC-42A3-9474-1A3956D46DE8}") = "Samples", "Samples", "{644107BC-4E85-43FF-B92C-E4667910EE05}"
EndProject
Project("{9A19103F-16F7-4668-BE54-9A1E7A4F7556}") = "Weikio.ApiFramework.Samples.JsonConfiguration", "..\samples\Weikio.ApiFramework.Samples.JsonConfiguration\Weikio.ApiFramework.Samples.JsonConfiguration.csproj", "{CEB216B9-EFB0-48E1-AF63-B9374964BE2F}"
EndProject
Project("{2150E333-8FDC-42A3-9474-1A3956D46DE8}") = "Admin", "Admin", "{DAED3582-94B9-4C5F-BA02-400EB95FB92A}"
EndProject
Project("{9A19103F-16F7-4668-BE54-9A1E7A4F7556}") = "Weikio.ApiFramework.Plugins.DynamicHelloWorld", "Plugins\Weikio.ApiFramework.Plugins.DynamicHelloWorld\Weikio.ApiFramework.Plugins.DynamicHelloWorld.csproj", "{75DA1426-2B38-4B9D-BF42-A70871F5105C}"
EndProject
Project("{9A19103F-16F7-4668-BE54-9A1E7A4F7556}") = "Weikio.ApiFramework.Samples.GeneratedApi", "..\samples\Weikio.ApiFramework.Samples.GeneratedApi\Weikio.ApiFramework.Samples.GeneratedApi.csproj", "{41E37F06-DB2C-46EE-A4F4-44504F394DF2}"
EndProject
Project("{9A19103F-16F7-4668-BE54-9A1E7A4F7556}") = "Weikio.ApiFramework.Plugins.JsonNetOld", "Plugins\Weikio.ApiFramework.Plugins.JsonNetOld\Weikio.ApiFramework.Plugins.JsonNetOld.csproj", "{B38A6D29-D203-4E67-AFFD-592E5000C14A}"
EndProject
Project("{9A19103F-16F7-4668-BE54-9A1E7A4F7556}") = "Weikio.ApiFramework.Plugins.JsonNetNew", "Plugins\Weikio.ApiFramework.Plugins.JsonNetNew\Weikio.ApiFramework.Plugins.JsonNetNew.csproj", "{E5CF6FE1-8418-4C88-BB14-EEB9F7145618}"
EndProject
Project("{9A19103F-16F7-4668-BE54-9A1E7A4F7556}") = "Weikio.ApiFramework.Samples.ReferenceConflict", "..\samples\Weikio.ApiFramework.Samples.ReferenceConflict\Weikio.ApiFramework.Samples.ReferenceConflict.csproj", "{AB9B8158-849D-4F72-A4E5-3E4E5C44B149}"
EndProject
Project("{9A19103F-16F7-4668-BE54-9A1E7A4F7556}") = "Weikio.ApiFramework.Admin.UI", "Weikio.ApiFramework.Admin.UI\Weikio.ApiFramework.Admin.UI.csproj", "{8EEC29B7-088D-41C4-A8B7-5F6EF0C4ACFE}"
EndProject
Project("{9A19103F-16F7-4668-BE54-9A1E7A4F7556}") = "Weikio.ApiFramework.Samples.Admin", "..\samples\Weikio.ApiFramework.Samples.Admin\Weikio.ApiFramework.Samples.Admin.csproj", "{FA20BBF7-FAD4-4B46-805E-49AA5AC456F2}"
EndProject
Project("{9A19103F-16F7-4668-BE54-9A1E7A4F7556}") = "Weikio.ApiFramework.Plugins.Broken", "Plugins\Weikio.ApiFramework.Plugins.Broken\Weikio.ApiFramework.Plugins.Broken.csproj", "{D4137570-2B1D-4712-AD15-6CB0022DBC61}"
EndProject
Project("{9A19103F-16F7-4668-BE54-9A1E7A4F7556}") = "Weikio.ApiFramework.Plugins.Logger", "Plugins\Weikio.ApiFramework.Plugins.Logger\Weikio.ApiFramework.Plugins.Logger.csproj", "{568B37ED-BD7F-44DA-A166-0F427D61ACFA}"
EndProject
Project("{9A19103F-16F7-4668-BE54-9A1E7A4F7556}") = "Weikio.ApiFramework.Plugins.OldLogger", "Plugins\Weikio.ApiFramework.Plugins.OldLogger\Weikio.ApiFramework.Plugins.OldLogger.csproj", "{15F3A5CB-9A6F-46E4-81E1-A6A22BF61474}"
EndProject
Project("{9A19103F-16F7-4668-BE54-9A1E7A4F7556}") = "Weikio.ApiFramework.Samples.DependencyConflict", "..\samples\Weikio.ApiFramework.Samples.DependencyConflict\Weikio.ApiFramework.Samples.DependencyConflict.csproj", "{3747A186-A42E-4005-8A5E-1D65873D3822}"
EndProject
Project("{9A19103F-16F7-4668-BE54-9A1E7A4F7556}") = "Weikio.ApiFramework.Plugins.HealthCheck", "Plugins\Weikio.ApiFramework.Plugins.HealthCheck\Weikio.ApiFramework.Plugins.HealthCheck.csproj", "{09B4E7BD-5E34-4A61-AA04-13B4BC05019D}"
EndProject
Project("{9A19103F-16F7-4668-BE54-9A1E7A4F7556}") = "Weikio.ApiFramework.Abstractions", "Weikio.ApiFramework.Abstractions\Weikio.ApiFramework.Abstractions.csproj", "{53325157-44A6-4BD7-A471-6425F7B0B16D}"
EndProject
Project("{9A19103F-16F7-4668-BE54-9A1E7A4F7556}") = "Weikio.ApiFramework.Samples.NoPluginFramework", "..\samples\Weikio.ApiFramework.Samples.NoPluginFramework\Weikio.ApiFramework.Samples.NoPluginFramework.csproj", "{1D254BDD-0B89-49FD-8CCA-A2CC1770BC08}"
EndProject
Project("{9A19103F-16F7-4668-BE54-9A1E7A4F7556}") = "ApiFramework.IntegrationTests", "..\tests\integration\ApiFramework.IntegrationTests\ApiFramework.IntegrationTests.csproj", "{02879B2A-4393-4D76-91CC-244893EE5603}"
EndProject
Project("{2150E333-8FDC-42A3-9474-1A3956D46DE8}") = "Tests", "Tests", "{53E78366-C5D5-4FA6-8C48-825D854D20AC}"
EndProject
Project("{2150E333-8FDC-42A3-9474-1A3956D46DE8}") = "WebSites", "WebSites", "{81229E6E-0DC8-4DFF-89C4-40215010FD03}"
EndProject
Project("{9A19103F-16F7-4668-BE54-9A1E7A4F7556}") = "CodeConfiguration", "..\tests\integration\WebSites\CodeConfiguration\CodeConfiguration.csproj", "{505BA79C-F520-45FB-81BA-1E70D503181F}"
EndProject
Project("{9A19103F-16F7-4668-BE54-9A1E7A4F7556}") = "ApiFramework.UnitTests", "..\tests\unit\ApiFramework.UnitTests\ApiFramework.UnitTests.csproj", "{EFB5F0AE-D227-48BB-BD8A-71EDBAFC90C2}"
EndProject
Project("{2150E333-8FDC-42A3-9474-1A3956D46DE8}") = "Apis", "Apis", "{0CCBA731-36A0-48C5-8FEE-D23D6E40BF47}"
EndProject
Project("{9A19103F-16F7-4668-BE54-9A1E7A4F7556}") = "HelloWorld", "..\tests\Apis\HelloWorld\HelloWorld.csproj", "{BBA88EFE-DEE3-477E-B672-B273474326B5}"
EndProject
Project("{9A19103F-16F7-4668-BE54-9A1E7A4F7556}") = "AnotherHelloWorld", "..\tests\Apis\AnotherHelloWorld\AnotherHelloWorld.csproj", "{2C56109C-F728-49AC-A929-6C21AB0A5681}"
EndProject
Global
	GlobalSection(SolutionConfigurationPlatforms) = preSolution
		Debug|Any CPU = Debug|Any CPU
		Debug|x64 = Debug|x64
		Debug|x86 = Debug|x86
		Release|Any CPU = Release|Any CPU
		Release|x64 = Release|x64
		Release|x86 = Release|x86
		ReleaseTypeScriptStrict|Any CPU = ReleaseTypeScriptStrict|Any CPU
		ReleaseTypeScriptStrict|x64 = ReleaseTypeScriptStrict|x64
		ReleaseTypeScriptStrict|x86 = ReleaseTypeScriptStrict|x86
	EndGlobalSection
	GlobalSection(ProjectConfigurationPlatforms) = postSolution
		{F9E7779D-4DCE-4C98-AEEE-B5FA5D74FBBE}.Debug|Any CPU.ActiveCfg = Debug|Any CPU
		{F9E7779D-4DCE-4C98-AEEE-B5FA5D74FBBE}.Debug|Any CPU.Build.0 = Debug|Any CPU
		{F9E7779D-4DCE-4C98-AEEE-B5FA5D74FBBE}.Debug|x64.ActiveCfg = Debug|Any CPU
		{F9E7779D-4DCE-4C98-AEEE-B5FA5D74FBBE}.Debug|x64.Build.0 = Debug|Any CPU
		{F9E7779D-4DCE-4C98-AEEE-B5FA5D74FBBE}.Debug|x86.ActiveCfg = Debug|Any CPU
		{F9E7779D-4DCE-4C98-AEEE-B5FA5D74FBBE}.Debug|x86.Build.0 = Debug|Any CPU
		{F9E7779D-4DCE-4C98-AEEE-B5FA5D74FBBE}.Release|Any CPU.ActiveCfg = Release|Any CPU
		{F9E7779D-4DCE-4C98-AEEE-B5FA5D74FBBE}.Release|Any CPU.Build.0 = Release|Any CPU
		{F9E7779D-4DCE-4C98-AEEE-B5FA5D74FBBE}.Release|x64.ActiveCfg = Release|Any CPU
		{F9E7779D-4DCE-4C98-AEEE-B5FA5D74FBBE}.Release|x64.Build.0 = Release|Any CPU
		{F9E7779D-4DCE-4C98-AEEE-B5FA5D74FBBE}.Release|x86.ActiveCfg = Release|Any CPU
		{F9E7779D-4DCE-4C98-AEEE-B5FA5D74FBBE}.Release|x86.Build.0 = Release|Any CPU
		{F9E7779D-4DCE-4C98-AEEE-B5FA5D74FBBE}.ReleaseTypeScriptStrict|Any CPU.ActiveCfg = Release|Any CPU
		{F9E7779D-4DCE-4C98-AEEE-B5FA5D74FBBE}.ReleaseTypeScriptStrict|Any CPU.Build.0 = Release|Any CPU
		{F9E7779D-4DCE-4C98-AEEE-B5FA5D74FBBE}.ReleaseTypeScriptStrict|x64.ActiveCfg = Release|Any CPU
		{F9E7779D-4DCE-4C98-AEEE-B5FA5D74FBBE}.ReleaseTypeScriptStrict|x64.Build.0 = Release|Any CPU
		{F9E7779D-4DCE-4C98-AEEE-B5FA5D74FBBE}.ReleaseTypeScriptStrict|x86.ActiveCfg = Release|Any CPU
		{F9E7779D-4DCE-4C98-AEEE-B5FA5D74FBBE}.ReleaseTypeScriptStrict|x86.Build.0 = Release|Any CPU
		{15267FDE-608A-46F6-A918-13C77D597A40}.Debug|Any CPU.ActiveCfg = Debug|Any CPU
		{15267FDE-608A-46F6-A918-13C77D597A40}.Debug|Any CPU.Build.0 = Debug|Any CPU
		{15267FDE-608A-46F6-A918-13C77D597A40}.Debug|x64.ActiveCfg = Debug|Any CPU
		{15267FDE-608A-46F6-A918-13C77D597A40}.Debug|x64.Build.0 = Debug|Any CPU
		{15267FDE-608A-46F6-A918-13C77D597A40}.Debug|x86.ActiveCfg = Debug|Any CPU
		{15267FDE-608A-46F6-A918-13C77D597A40}.Debug|x86.Build.0 = Debug|Any CPU
		{15267FDE-608A-46F6-A918-13C77D597A40}.Release|Any CPU.ActiveCfg = Release|Any CPU
		{15267FDE-608A-46F6-A918-13C77D597A40}.Release|Any CPU.Build.0 = Release|Any CPU
		{15267FDE-608A-46F6-A918-13C77D597A40}.Release|x64.ActiveCfg = Release|Any CPU
		{15267FDE-608A-46F6-A918-13C77D597A40}.Release|x64.Build.0 = Release|Any CPU
		{15267FDE-608A-46F6-A918-13C77D597A40}.Release|x86.ActiveCfg = Release|Any CPU
		{15267FDE-608A-46F6-A918-13C77D597A40}.Release|x86.Build.0 = Release|Any CPU
		{15267FDE-608A-46F6-A918-13C77D597A40}.ReleaseTypeScriptStrict|Any CPU.ActiveCfg = Release|Any CPU
		{15267FDE-608A-46F6-A918-13C77D597A40}.ReleaseTypeScriptStrict|Any CPU.Build.0 = Release|Any CPU
		{15267FDE-608A-46F6-A918-13C77D597A40}.ReleaseTypeScriptStrict|x64.ActiveCfg = Release|Any CPU
		{15267FDE-608A-46F6-A918-13C77D597A40}.ReleaseTypeScriptStrict|x64.Build.0 = Release|Any CPU
		{15267FDE-608A-46F6-A918-13C77D597A40}.ReleaseTypeScriptStrict|x86.ActiveCfg = Release|Any CPU
		{15267FDE-608A-46F6-A918-13C77D597A40}.ReleaseTypeScriptStrict|x86.Build.0 = Release|Any CPU
		{63463C86-D35E-4B65-9869-A4EBB18A5449}.Debug|Any CPU.ActiveCfg = Debug|Any CPU
		{63463C86-D35E-4B65-9869-A4EBB18A5449}.Debug|Any CPU.Build.0 = Debug|Any CPU
		{63463C86-D35E-4B65-9869-A4EBB18A5449}.Debug|x64.ActiveCfg = Debug|Any CPU
		{63463C86-D35E-4B65-9869-A4EBB18A5449}.Debug|x64.Build.0 = Debug|Any CPU
		{63463C86-D35E-4B65-9869-A4EBB18A5449}.Debug|x86.ActiveCfg = Debug|Any CPU
		{63463C86-D35E-4B65-9869-A4EBB18A5449}.Debug|x86.Build.0 = Debug|Any CPU
		{63463C86-D35E-4B65-9869-A4EBB18A5449}.Release|Any CPU.ActiveCfg = Release|Any CPU
		{63463C86-D35E-4B65-9869-A4EBB18A5449}.Release|Any CPU.Build.0 = Release|Any CPU
		{63463C86-D35E-4B65-9869-A4EBB18A5449}.Release|x64.ActiveCfg = Release|Any CPU
		{63463C86-D35E-4B65-9869-A4EBB18A5449}.Release|x64.Build.0 = Release|Any CPU
		{63463C86-D35E-4B65-9869-A4EBB18A5449}.Release|x86.ActiveCfg = Release|Any CPU
		{63463C86-D35E-4B65-9869-A4EBB18A5449}.Release|x86.Build.0 = Release|Any CPU
		{63463C86-D35E-4B65-9869-A4EBB18A5449}.ReleaseTypeScriptStrict|Any CPU.ActiveCfg = Release|Any CPU
		{63463C86-D35E-4B65-9869-A4EBB18A5449}.ReleaseTypeScriptStrict|Any CPU.Build.0 = Release|Any CPU
		{63463C86-D35E-4B65-9869-A4EBB18A5449}.ReleaseTypeScriptStrict|x64.ActiveCfg = Release|Any CPU
		{63463C86-D35E-4B65-9869-A4EBB18A5449}.ReleaseTypeScriptStrict|x64.Build.0 = Release|Any CPU
		{63463C86-D35E-4B65-9869-A4EBB18A5449}.ReleaseTypeScriptStrict|x86.ActiveCfg = Release|Any CPU
		{63463C86-D35E-4B65-9869-A4EBB18A5449}.ReleaseTypeScriptStrict|x86.Build.0 = Release|Any CPU
		{74D5A0AA-D1A1-47E5-8316-4022D0E655F9}.Debug|Any CPU.ActiveCfg = Debug|Any CPU
		{74D5A0AA-D1A1-47E5-8316-4022D0E655F9}.Debug|Any CPU.Build.0 = Debug|Any CPU
		{74D5A0AA-D1A1-47E5-8316-4022D0E655F9}.Debug|x64.ActiveCfg = Debug|Any CPU
		{74D5A0AA-D1A1-47E5-8316-4022D0E655F9}.Debug|x64.Build.0 = Debug|Any CPU
		{74D5A0AA-D1A1-47E5-8316-4022D0E655F9}.Debug|x86.ActiveCfg = Debug|Any CPU
		{74D5A0AA-D1A1-47E5-8316-4022D0E655F9}.Debug|x86.Build.0 = Debug|Any CPU
		{74D5A0AA-D1A1-47E5-8316-4022D0E655F9}.Release|Any CPU.ActiveCfg = Release|Any CPU
		{74D5A0AA-D1A1-47E5-8316-4022D0E655F9}.Release|Any CPU.Build.0 = Release|Any CPU
		{74D5A0AA-D1A1-47E5-8316-4022D0E655F9}.Release|x64.ActiveCfg = Release|Any CPU
		{74D5A0AA-D1A1-47E5-8316-4022D0E655F9}.Release|x64.Build.0 = Release|Any CPU
		{74D5A0AA-D1A1-47E5-8316-4022D0E655F9}.Release|x86.ActiveCfg = Release|Any CPU
		{74D5A0AA-D1A1-47E5-8316-4022D0E655F9}.Release|x86.Build.0 = Release|Any CPU
		{74D5A0AA-D1A1-47E5-8316-4022D0E655F9}.ReleaseTypeScriptStrict|Any CPU.ActiveCfg = Release|Any CPU
		{74D5A0AA-D1A1-47E5-8316-4022D0E655F9}.ReleaseTypeScriptStrict|Any CPU.Build.0 = Release|Any CPU
		{74D5A0AA-D1A1-47E5-8316-4022D0E655F9}.ReleaseTypeScriptStrict|x64.ActiveCfg = Release|Any CPU
		{74D5A0AA-D1A1-47E5-8316-4022D0E655F9}.ReleaseTypeScriptStrict|x64.Build.0 = Release|Any CPU
		{74D5A0AA-D1A1-47E5-8316-4022D0E655F9}.ReleaseTypeScriptStrict|x86.ActiveCfg = Release|Any CPU
		{74D5A0AA-D1A1-47E5-8316-4022D0E655F9}.ReleaseTypeScriptStrict|x86.Build.0 = Release|Any CPU
		{A0F0B1E8-A4EB-4ED8-A945-F258A86B2F79}.Debug|Any CPU.ActiveCfg = Debug|Any CPU
		{A0F0B1E8-A4EB-4ED8-A945-F258A86B2F79}.Debug|Any CPU.Build.0 = Debug|Any CPU
		{A0F0B1E8-A4EB-4ED8-A945-F258A86B2F79}.Debug|x64.ActiveCfg = Debug|Any CPU
		{A0F0B1E8-A4EB-4ED8-A945-F258A86B2F79}.Debug|x64.Build.0 = Debug|Any CPU
		{A0F0B1E8-A4EB-4ED8-A945-F258A86B2F79}.Debug|x86.ActiveCfg = Debug|Any CPU
		{A0F0B1E8-A4EB-4ED8-A945-F258A86B2F79}.Debug|x86.Build.0 = Debug|Any CPU
		{A0F0B1E8-A4EB-4ED8-A945-F258A86B2F79}.Release|Any CPU.ActiveCfg = Release|Any CPU
		{A0F0B1E8-A4EB-4ED8-A945-F258A86B2F79}.Release|Any CPU.Build.0 = Release|Any CPU
		{A0F0B1E8-A4EB-4ED8-A945-F258A86B2F79}.Release|x64.ActiveCfg = Release|Any CPU
		{A0F0B1E8-A4EB-4ED8-A945-F258A86B2F79}.Release|x64.Build.0 = Release|Any CPU
		{A0F0B1E8-A4EB-4ED8-A945-F258A86B2F79}.Release|x86.ActiveCfg = Release|Any CPU
		{A0F0B1E8-A4EB-4ED8-A945-F258A86B2F79}.Release|x86.Build.0 = Release|Any CPU
		{A0F0B1E8-A4EB-4ED8-A945-F258A86B2F79}.ReleaseTypeScriptStrict|Any CPU.ActiveCfg = Release|Any CPU
		{A0F0B1E8-A4EB-4ED8-A945-F258A86B2F79}.ReleaseTypeScriptStrict|Any CPU.Build.0 = Release|Any CPU
		{A0F0B1E8-A4EB-4ED8-A945-F258A86B2F79}.ReleaseTypeScriptStrict|x64.ActiveCfg = Release|Any CPU
		{A0F0B1E8-A4EB-4ED8-A945-F258A86B2F79}.ReleaseTypeScriptStrict|x64.Build.0 = Release|Any CPU
		{A0F0B1E8-A4EB-4ED8-A945-F258A86B2F79}.ReleaseTypeScriptStrict|x86.ActiveCfg = Release|Any CPU
		{A0F0B1E8-A4EB-4ED8-A945-F258A86B2F79}.ReleaseTypeScriptStrict|x86.Build.0 = Release|Any CPU
		{BB95A971-E3AD-4AE5-8F64-661ED463F093}.Debug|Any CPU.ActiveCfg = Debug|Any CPU
		{BB95A971-E3AD-4AE5-8F64-661ED463F093}.Debug|Any CPU.Build.0 = Debug|Any CPU
		{BB95A971-E3AD-4AE5-8F64-661ED463F093}.Debug|x64.ActiveCfg = Debug|Any CPU
		{BB95A971-E3AD-4AE5-8F64-661ED463F093}.Debug|x64.Build.0 = Debug|Any CPU
		{BB95A971-E3AD-4AE5-8F64-661ED463F093}.Debug|x86.ActiveCfg = Debug|Any CPU
		{BB95A971-E3AD-4AE5-8F64-661ED463F093}.Debug|x86.Build.0 = Debug|Any CPU
		{BB95A971-E3AD-4AE5-8F64-661ED463F093}.Release|Any CPU.ActiveCfg = Release|Any CPU
		{BB95A971-E3AD-4AE5-8F64-661ED463F093}.Release|Any CPU.Build.0 = Release|Any CPU
		{BB95A971-E3AD-4AE5-8F64-661ED463F093}.Release|x64.ActiveCfg = Release|Any CPU
		{BB95A971-E3AD-4AE5-8F64-661ED463F093}.Release|x64.Build.0 = Release|Any CPU
		{BB95A971-E3AD-4AE5-8F64-661ED463F093}.Release|x86.ActiveCfg = Release|Any CPU
		{BB95A971-E3AD-4AE5-8F64-661ED463F093}.Release|x86.Build.0 = Release|Any CPU
		{BB95A971-E3AD-4AE5-8F64-661ED463F093}.ReleaseTypeScriptStrict|Any CPU.ActiveCfg = Release|Any CPU
		{BB95A971-E3AD-4AE5-8F64-661ED463F093}.ReleaseTypeScriptStrict|Any CPU.Build.0 = Release|Any CPU
		{BB95A971-E3AD-4AE5-8F64-661ED463F093}.ReleaseTypeScriptStrict|x64.ActiveCfg = Release|Any CPU
		{BB95A971-E3AD-4AE5-8F64-661ED463F093}.ReleaseTypeScriptStrict|x64.Build.0 = Release|Any CPU
		{BB95A971-E3AD-4AE5-8F64-661ED463F093}.ReleaseTypeScriptStrict|x86.ActiveCfg = Release|Any CPU
		{BB95A971-E3AD-4AE5-8F64-661ED463F093}.ReleaseTypeScriptStrict|x86.Build.0 = Release|Any CPU
		{53C96A4B-92B4-4402-A88C-0282E50511BB}.Debug|Any CPU.ActiveCfg = Debug|Any CPU
		{53C96A4B-92B4-4402-A88C-0282E50511BB}.Debug|Any CPU.Build.0 = Debug|Any CPU
		{53C96A4B-92B4-4402-A88C-0282E50511BB}.Debug|x64.ActiveCfg = Debug|Any CPU
		{53C96A4B-92B4-4402-A88C-0282E50511BB}.Debug|x64.Build.0 = Debug|Any CPU
		{53C96A4B-92B4-4402-A88C-0282E50511BB}.Debug|x86.ActiveCfg = Debug|Any CPU
		{53C96A4B-92B4-4402-A88C-0282E50511BB}.Debug|x86.Build.0 = Debug|Any CPU
		{53C96A4B-92B4-4402-A88C-0282E50511BB}.Release|Any CPU.ActiveCfg = Release|Any CPU
		{53C96A4B-92B4-4402-A88C-0282E50511BB}.Release|Any CPU.Build.0 = Release|Any CPU
		{53C96A4B-92B4-4402-A88C-0282E50511BB}.Release|x64.ActiveCfg = Release|Any CPU
		{53C96A4B-92B4-4402-A88C-0282E50511BB}.Release|x64.Build.0 = Release|Any CPU
		{53C96A4B-92B4-4402-A88C-0282E50511BB}.Release|x86.ActiveCfg = Release|Any CPU
		{53C96A4B-92B4-4402-A88C-0282E50511BB}.Release|x86.Build.0 = Release|Any CPU
		{53C96A4B-92B4-4402-A88C-0282E50511BB}.ReleaseTypeScriptStrict|Any CPU.ActiveCfg = Release|Any CPU
		{53C96A4B-92B4-4402-A88C-0282E50511BB}.ReleaseTypeScriptStrict|Any CPU.Build.0 = Release|Any CPU
		{53C96A4B-92B4-4402-A88C-0282E50511BB}.ReleaseTypeScriptStrict|x64.ActiveCfg = Release|Any CPU
		{53C96A4B-92B4-4402-A88C-0282E50511BB}.ReleaseTypeScriptStrict|x64.Build.0 = Release|Any CPU
		{53C96A4B-92B4-4402-A88C-0282E50511BB}.ReleaseTypeScriptStrict|x86.ActiveCfg = Release|Any CPU
		{53C96A4B-92B4-4402-A88C-0282E50511BB}.ReleaseTypeScriptStrict|x86.Build.0 = Release|Any CPU
		{5A58C061-C781-4C0B-A6FC-748F37E0A2A3}.Debug|Any CPU.ActiveCfg = Debug|Any CPU
		{5A58C061-C781-4C0B-A6FC-748F37E0A2A3}.Debug|Any CPU.Build.0 = Debug|Any CPU
		{5A58C061-C781-4C0B-A6FC-748F37E0A2A3}.Debug|x64.ActiveCfg = Debug|Any CPU
		{5A58C061-C781-4C0B-A6FC-748F37E0A2A3}.Debug|x64.Build.0 = Debug|Any CPU
		{5A58C061-C781-4C0B-A6FC-748F37E0A2A3}.Debug|x86.ActiveCfg = Debug|Any CPU
		{5A58C061-C781-4C0B-A6FC-748F37E0A2A3}.Debug|x86.Build.0 = Debug|Any CPU
		{5A58C061-C781-4C0B-A6FC-748F37E0A2A3}.Release|Any CPU.ActiveCfg = Release|Any CPU
		{5A58C061-C781-4C0B-A6FC-748F37E0A2A3}.Release|Any CPU.Build.0 = Release|Any CPU
		{5A58C061-C781-4C0B-A6FC-748F37E0A2A3}.Release|x64.ActiveCfg = Release|Any CPU
		{5A58C061-C781-4C0B-A6FC-748F37E0A2A3}.Release|x64.Build.0 = Release|Any CPU
		{5A58C061-C781-4C0B-A6FC-748F37E0A2A3}.Release|x86.ActiveCfg = Release|Any CPU
		{5A58C061-C781-4C0B-A6FC-748F37E0A2A3}.Release|x86.Build.0 = Release|Any CPU
		{5A58C061-C781-4C0B-A6FC-748F37E0A2A3}.ReleaseTypeScriptStrict|Any CPU.ActiveCfg = Release|Any CPU
		{5A58C061-C781-4C0B-A6FC-748F37E0A2A3}.ReleaseTypeScriptStrict|Any CPU.Build.0 = Release|Any CPU
		{5A58C061-C781-4C0B-A6FC-748F37E0A2A3}.ReleaseTypeScriptStrict|x64.ActiveCfg = Release|Any CPU
		{5A58C061-C781-4C0B-A6FC-748F37E0A2A3}.ReleaseTypeScriptStrict|x64.Build.0 = Release|Any CPU
		{5A58C061-C781-4C0B-A6FC-748F37E0A2A3}.ReleaseTypeScriptStrict|x86.ActiveCfg = Release|Any CPU
		{5A58C061-C781-4C0B-A6FC-748F37E0A2A3}.ReleaseTypeScriptStrict|x86.Build.0 = Release|Any CPU
		{CEB216B9-EFB0-48E1-AF63-B9374964BE2F}.Debug|Any CPU.ActiveCfg = Debug|Any CPU
		{CEB216B9-EFB0-48E1-AF63-B9374964BE2F}.Debug|Any CPU.Build.0 = Debug|Any CPU
		{CEB216B9-EFB0-48E1-AF63-B9374964BE2F}.Debug|x64.ActiveCfg = Debug|Any CPU
		{CEB216B9-EFB0-48E1-AF63-B9374964BE2F}.Debug|x64.Build.0 = Debug|Any CPU
		{CEB216B9-EFB0-48E1-AF63-B9374964BE2F}.Debug|x86.ActiveCfg = Debug|Any CPU
		{CEB216B9-EFB0-48E1-AF63-B9374964BE2F}.Debug|x86.Build.0 = Debug|Any CPU
		{CEB216B9-EFB0-48E1-AF63-B9374964BE2F}.Release|Any CPU.ActiveCfg = Release|Any CPU
		{CEB216B9-EFB0-48E1-AF63-B9374964BE2F}.Release|Any CPU.Build.0 = Release|Any CPU
		{CEB216B9-EFB0-48E1-AF63-B9374964BE2F}.Release|x64.ActiveCfg = Release|Any CPU
		{CEB216B9-EFB0-48E1-AF63-B9374964BE2F}.Release|x64.Build.0 = Release|Any CPU
		{CEB216B9-EFB0-48E1-AF63-B9374964BE2F}.Release|x86.ActiveCfg = Release|Any CPU
		{CEB216B9-EFB0-48E1-AF63-B9374964BE2F}.Release|x86.Build.0 = Release|Any CPU
		{CEB216B9-EFB0-48E1-AF63-B9374964BE2F}.ReleaseTypeScriptStrict|Any CPU.ActiveCfg = Release|Any CPU
		{CEB216B9-EFB0-48E1-AF63-B9374964BE2F}.ReleaseTypeScriptStrict|Any CPU.Build.0 = Release|Any CPU
		{CEB216B9-EFB0-48E1-AF63-B9374964BE2F}.ReleaseTypeScriptStrict|x64.ActiveCfg = Release|Any CPU
		{CEB216B9-EFB0-48E1-AF63-B9374964BE2F}.ReleaseTypeScriptStrict|x64.Build.0 = Release|Any CPU
		{CEB216B9-EFB0-48E1-AF63-B9374964BE2F}.ReleaseTypeScriptStrict|x86.ActiveCfg = Release|Any CPU
		{CEB216B9-EFB0-48E1-AF63-B9374964BE2F}.ReleaseTypeScriptStrict|x86.Build.0 = Release|Any CPU
		{75DA1426-2B38-4B9D-BF42-A70871F5105C}.Debug|Any CPU.ActiveCfg = Debug|Any CPU
		{75DA1426-2B38-4B9D-BF42-A70871F5105C}.Debug|Any CPU.Build.0 = Debug|Any CPU
		{75DA1426-2B38-4B9D-BF42-A70871F5105C}.Debug|x64.ActiveCfg = Debug|Any CPU
		{75DA1426-2B38-4B9D-BF42-A70871F5105C}.Debug|x64.Build.0 = Debug|Any CPU
		{75DA1426-2B38-4B9D-BF42-A70871F5105C}.Debug|x86.ActiveCfg = Debug|Any CPU
		{75DA1426-2B38-4B9D-BF42-A70871F5105C}.Debug|x86.Build.0 = Debug|Any CPU
		{75DA1426-2B38-4B9D-BF42-A70871F5105C}.Release|Any CPU.ActiveCfg = Release|Any CPU
		{75DA1426-2B38-4B9D-BF42-A70871F5105C}.Release|Any CPU.Build.0 = Release|Any CPU
		{75DA1426-2B38-4B9D-BF42-A70871F5105C}.Release|x64.ActiveCfg = Release|Any CPU
		{75DA1426-2B38-4B9D-BF42-A70871F5105C}.Release|x64.Build.0 = Release|Any CPU
		{75DA1426-2B38-4B9D-BF42-A70871F5105C}.Release|x86.ActiveCfg = Release|Any CPU
		{75DA1426-2B38-4B9D-BF42-A70871F5105C}.Release|x86.Build.0 = Release|Any CPU
		{75DA1426-2B38-4B9D-BF42-A70871F5105C}.ReleaseTypeScriptStrict|Any CPU.ActiveCfg = Release|Any CPU
		{75DA1426-2B38-4B9D-BF42-A70871F5105C}.ReleaseTypeScriptStrict|Any CPU.Build.0 = Release|Any CPU
		{75DA1426-2B38-4B9D-BF42-A70871F5105C}.ReleaseTypeScriptStrict|x64.ActiveCfg = Release|Any CPU
		{75DA1426-2B38-4B9D-BF42-A70871F5105C}.ReleaseTypeScriptStrict|x64.Build.0 = Release|Any CPU
		{75DA1426-2B38-4B9D-BF42-A70871F5105C}.ReleaseTypeScriptStrict|x86.ActiveCfg = Release|Any CPU
		{75DA1426-2B38-4B9D-BF42-A70871F5105C}.ReleaseTypeScriptStrict|x86.Build.0 = Release|Any CPU
		{41E37F06-DB2C-46EE-A4F4-44504F394DF2}.Debug|Any CPU.ActiveCfg = Debug|Any CPU
		{41E37F06-DB2C-46EE-A4F4-44504F394DF2}.Debug|Any CPU.Build.0 = Debug|Any CPU
		{41E37F06-DB2C-46EE-A4F4-44504F394DF2}.Debug|x64.ActiveCfg = Debug|Any CPU
		{41E37F06-DB2C-46EE-A4F4-44504F394DF2}.Debug|x64.Build.0 = Debug|Any CPU
		{41E37F06-DB2C-46EE-A4F4-44504F394DF2}.Debug|x86.ActiveCfg = Debug|Any CPU
		{41E37F06-DB2C-46EE-A4F4-44504F394DF2}.Debug|x86.Build.0 = Debug|Any CPU
		{41E37F06-DB2C-46EE-A4F4-44504F394DF2}.Release|Any CPU.ActiveCfg = Release|Any CPU
		{41E37F06-DB2C-46EE-A4F4-44504F394DF2}.Release|Any CPU.Build.0 = Release|Any CPU
		{41E37F06-DB2C-46EE-A4F4-44504F394DF2}.Release|x64.ActiveCfg = Release|Any CPU
		{41E37F06-DB2C-46EE-A4F4-44504F394DF2}.Release|x64.Build.0 = Release|Any CPU
		{41E37F06-DB2C-46EE-A4F4-44504F394DF2}.Release|x86.ActiveCfg = Release|Any CPU
		{41E37F06-DB2C-46EE-A4F4-44504F394DF2}.Release|x86.Build.0 = Release|Any CPU
		{41E37F06-DB2C-46EE-A4F4-44504F394DF2}.ReleaseTypeScriptStrict|Any CPU.ActiveCfg = Release|Any CPU
		{41E37F06-DB2C-46EE-A4F4-44504F394DF2}.ReleaseTypeScriptStrict|Any CPU.Build.0 = Release|Any CPU
		{41E37F06-DB2C-46EE-A4F4-44504F394DF2}.ReleaseTypeScriptStrict|x64.ActiveCfg = Release|Any CPU
		{41E37F06-DB2C-46EE-A4F4-44504F394DF2}.ReleaseTypeScriptStrict|x64.Build.0 = Release|Any CPU
		{41E37F06-DB2C-46EE-A4F4-44504F394DF2}.ReleaseTypeScriptStrict|x86.ActiveCfg = Release|Any CPU
		{41E37F06-DB2C-46EE-A4F4-44504F394DF2}.ReleaseTypeScriptStrict|x86.Build.0 = Release|Any CPU
		{B38A6D29-D203-4E67-AFFD-592E5000C14A}.Debug|Any CPU.ActiveCfg = Debug|Any CPU
		{B38A6D29-D203-4E67-AFFD-592E5000C14A}.Debug|Any CPU.Build.0 = Debug|Any CPU
		{B38A6D29-D203-4E67-AFFD-592E5000C14A}.Debug|x64.ActiveCfg = Debug|Any CPU
		{B38A6D29-D203-4E67-AFFD-592E5000C14A}.Debug|x64.Build.0 = Debug|Any CPU
		{B38A6D29-D203-4E67-AFFD-592E5000C14A}.Debug|x86.ActiveCfg = Debug|Any CPU
		{B38A6D29-D203-4E67-AFFD-592E5000C14A}.Debug|x86.Build.0 = Debug|Any CPU
		{B38A6D29-D203-4E67-AFFD-592E5000C14A}.Release|Any CPU.ActiveCfg = Release|Any CPU
		{B38A6D29-D203-4E67-AFFD-592E5000C14A}.Release|Any CPU.Build.0 = Release|Any CPU
		{B38A6D29-D203-4E67-AFFD-592E5000C14A}.Release|x64.ActiveCfg = Release|Any CPU
		{B38A6D29-D203-4E67-AFFD-592E5000C14A}.Release|x64.Build.0 = Release|Any CPU
		{B38A6D29-D203-4E67-AFFD-592E5000C14A}.Release|x86.ActiveCfg = Release|Any CPU
		{B38A6D29-D203-4E67-AFFD-592E5000C14A}.Release|x86.Build.0 = Release|Any CPU
		{B38A6D29-D203-4E67-AFFD-592E5000C14A}.ReleaseTypeScriptStrict|Any CPU.ActiveCfg = Release|Any CPU
		{B38A6D29-D203-4E67-AFFD-592E5000C14A}.ReleaseTypeScriptStrict|Any CPU.Build.0 = Release|Any CPU
		{B38A6D29-D203-4E67-AFFD-592E5000C14A}.ReleaseTypeScriptStrict|x64.ActiveCfg = Release|Any CPU
		{B38A6D29-D203-4E67-AFFD-592E5000C14A}.ReleaseTypeScriptStrict|x64.Build.0 = Release|Any CPU
		{B38A6D29-D203-4E67-AFFD-592E5000C14A}.ReleaseTypeScriptStrict|x86.ActiveCfg = Release|Any CPU
		{B38A6D29-D203-4E67-AFFD-592E5000C14A}.ReleaseTypeScriptStrict|x86.Build.0 = Release|Any CPU
		{E5CF6FE1-8418-4C88-BB14-EEB9F7145618}.Debug|Any CPU.ActiveCfg = Debug|Any CPU
		{E5CF6FE1-8418-4C88-BB14-EEB9F7145618}.Debug|Any CPU.Build.0 = Debug|Any CPU
		{E5CF6FE1-8418-4C88-BB14-EEB9F7145618}.Debug|x64.ActiveCfg = Debug|Any CPU
		{E5CF6FE1-8418-4C88-BB14-EEB9F7145618}.Debug|x64.Build.0 = Debug|Any CPU
		{E5CF6FE1-8418-4C88-BB14-EEB9F7145618}.Debug|x86.ActiveCfg = Debug|Any CPU
		{E5CF6FE1-8418-4C88-BB14-EEB9F7145618}.Debug|x86.Build.0 = Debug|Any CPU
		{E5CF6FE1-8418-4C88-BB14-EEB9F7145618}.Release|Any CPU.ActiveCfg = Release|Any CPU
		{E5CF6FE1-8418-4C88-BB14-EEB9F7145618}.Release|Any CPU.Build.0 = Release|Any CPU
		{E5CF6FE1-8418-4C88-BB14-EEB9F7145618}.Release|x64.ActiveCfg = Release|Any CPU
		{E5CF6FE1-8418-4C88-BB14-EEB9F7145618}.Release|x64.Build.0 = Release|Any CPU
		{E5CF6FE1-8418-4C88-BB14-EEB9F7145618}.Release|x86.ActiveCfg = Release|Any CPU
		{E5CF6FE1-8418-4C88-BB14-EEB9F7145618}.Release|x86.Build.0 = Release|Any CPU
		{E5CF6FE1-8418-4C88-BB14-EEB9F7145618}.ReleaseTypeScriptStrict|Any CPU.ActiveCfg = Release|Any CPU
		{E5CF6FE1-8418-4C88-BB14-EEB9F7145618}.ReleaseTypeScriptStrict|Any CPU.Build.0 = Release|Any CPU
		{E5CF6FE1-8418-4C88-BB14-EEB9F7145618}.ReleaseTypeScriptStrict|x64.ActiveCfg = Release|Any CPU
		{E5CF6FE1-8418-4C88-BB14-EEB9F7145618}.ReleaseTypeScriptStrict|x64.Build.0 = Release|Any CPU
		{E5CF6FE1-8418-4C88-BB14-EEB9F7145618}.ReleaseTypeScriptStrict|x86.ActiveCfg = Release|Any CPU
		{E5CF6FE1-8418-4C88-BB14-EEB9F7145618}.ReleaseTypeScriptStrict|x86.Build.0 = Release|Any CPU
		{AB9B8158-849D-4F72-A4E5-3E4E5C44B149}.Debug|Any CPU.ActiveCfg = Debug|Any CPU
		{AB9B8158-849D-4F72-A4E5-3E4E5C44B149}.Debug|Any CPU.Build.0 = Debug|Any CPU
		{AB9B8158-849D-4F72-A4E5-3E4E5C44B149}.Debug|x64.ActiveCfg = Debug|Any CPU
		{AB9B8158-849D-4F72-A4E5-3E4E5C44B149}.Debug|x64.Build.0 = Debug|Any CPU
		{AB9B8158-849D-4F72-A4E5-3E4E5C44B149}.Debug|x86.ActiveCfg = Debug|Any CPU
		{AB9B8158-849D-4F72-A4E5-3E4E5C44B149}.Debug|x86.Build.0 = Debug|Any CPU
		{AB9B8158-849D-4F72-A4E5-3E4E5C44B149}.Release|Any CPU.ActiveCfg = Release|Any CPU
		{AB9B8158-849D-4F72-A4E5-3E4E5C44B149}.Release|Any CPU.Build.0 = Release|Any CPU
		{AB9B8158-849D-4F72-A4E5-3E4E5C44B149}.Release|x64.ActiveCfg = Release|Any CPU
		{AB9B8158-849D-4F72-A4E5-3E4E5C44B149}.Release|x64.Build.0 = Release|Any CPU
		{AB9B8158-849D-4F72-A4E5-3E4E5C44B149}.Release|x86.ActiveCfg = Release|Any CPU
		{AB9B8158-849D-4F72-A4E5-3E4E5C44B149}.Release|x86.Build.0 = Release|Any CPU
		{AB9B8158-849D-4F72-A4E5-3E4E5C44B149}.ReleaseTypeScriptStrict|Any CPU.ActiveCfg = Release|Any CPU
		{AB9B8158-849D-4F72-A4E5-3E4E5C44B149}.ReleaseTypeScriptStrict|Any CPU.Build.0 = Release|Any CPU
		{AB9B8158-849D-4F72-A4E5-3E4E5C44B149}.ReleaseTypeScriptStrict|x64.ActiveCfg = Release|Any CPU
		{AB9B8158-849D-4F72-A4E5-3E4E5C44B149}.ReleaseTypeScriptStrict|x64.Build.0 = Release|Any CPU
		{AB9B8158-849D-4F72-A4E5-3E4E5C44B149}.ReleaseTypeScriptStrict|x86.ActiveCfg = Release|Any CPU
		{AB9B8158-849D-4F72-A4E5-3E4E5C44B149}.ReleaseTypeScriptStrict|x86.Build.0 = Release|Any CPU
		{8EEC29B7-088D-41C4-A8B7-5F6EF0C4ACFE}.Debug|Any CPU.ActiveCfg = Debug|Any CPU
		{8EEC29B7-088D-41C4-A8B7-5F6EF0C4ACFE}.Debug|Any CPU.Build.0 = Debug|Any CPU
		{8EEC29B7-088D-41C4-A8B7-5F6EF0C4ACFE}.Debug|x64.ActiveCfg = Debug|Any CPU
		{8EEC29B7-088D-41C4-A8B7-5F6EF0C4ACFE}.Debug|x64.Build.0 = Debug|Any CPU
		{8EEC29B7-088D-41C4-A8B7-5F6EF0C4ACFE}.Debug|x86.ActiveCfg = Debug|Any CPU
		{8EEC29B7-088D-41C4-A8B7-5F6EF0C4ACFE}.Debug|x86.Build.0 = Debug|Any CPU
		{8EEC29B7-088D-41C4-A8B7-5F6EF0C4ACFE}.Release|Any CPU.ActiveCfg = Release|Any CPU
		{8EEC29B7-088D-41C4-A8B7-5F6EF0C4ACFE}.Release|Any CPU.Build.0 = Release|Any CPU
		{8EEC29B7-088D-41C4-A8B7-5F6EF0C4ACFE}.Release|x64.ActiveCfg = Release|Any CPU
		{8EEC29B7-088D-41C4-A8B7-5F6EF0C4ACFE}.Release|x64.Build.0 = Release|Any CPU
		{8EEC29B7-088D-41C4-A8B7-5F6EF0C4ACFE}.Release|x86.ActiveCfg = Release|Any CPU
		{8EEC29B7-088D-41C4-A8B7-5F6EF0C4ACFE}.Release|x86.Build.0 = Release|Any CPU
		{8EEC29B7-088D-41C4-A8B7-5F6EF0C4ACFE}.ReleaseTypeScriptStrict|Any CPU.ActiveCfg = Release|Any CPU
		{8EEC29B7-088D-41C4-A8B7-5F6EF0C4ACFE}.ReleaseTypeScriptStrict|Any CPU.Build.0 = Release|Any CPU
		{8EEC29B7-088D-41C4-A8B7-5F6EF0C4ACFE}.ReleaseTypeScriptStrict|x64.ActiveCfg = Release|Any CPU
		{8EEC29B7-088D-41C4-A8B7-5F6EF0C4ACFE}.ReleaseTypeScriptStrict|x64.Build.0 = Release|Any CPU
		{8EEC29B7-088D-41C4-A8B7-5F6EF0C4ACFE}.ReleaseTypeScriptStrict|x86.ActiveCfg = Release|Any CPU
		{8EEC29B7-088D-41C4-A8B7-5F6EF0C4ACFE}.ReleaseTypeScriptStrict|x86.Build.0 = Release|Any CPU
		{FA20BBF7-FAD4-4B46-805E-49AA5AC456F2}.Debug|Any CPU.ActiveCfg = Debug|Any CPU
		{FA20BBF7-FAD4-4B46-805E-49AA5AC456F2}.Debug|Any CPU.Build.0 = Debug|Any CPU
		{FA20BBF7-FAD4-4B46-805E-49AA5AC456F2}.Debug|x64.ActiveCfg = Debug|Any CPU
		{FA20BBF7-FAD4-4B46-805E-49AA5AC456F2}.Debug|x64.Build.0 = Debug|Any CPU
		{FA20BBF7-FAD4-4B46-805E-49AA5AC456F2}.Debug|x86.ActiveCfg = Debug|Any CPU
		{FA20BBF7-FAD4-4B46-805E-49AA5AC456F2}.Debug|x86.Build.0 = Debug|Any CPU
		{FA20BBF7-FAD4-4B46-805E-49AA5AC456F2}.Release|Any CPU.ActiveCfg = Release|Any CPU
		{FA20BBF7-FAD4-4B46-805E-49AA5AC456F2}.Release|Any CPU.Build.0 = Release|Any CPU
		{FA20BBF7-FAD4-4B46-805E-49AA5AC456F2}.Release|x64.ActiveCfg = Release|Any CPU
		{FA20BBF7-FAD4-4B46-805E-49AA5AC456F2}.Release|x64.Build.0 = Release|Any CPU
		{FA20BBF7-FAD4-4B46-805E-49AA5AC456F2}.Release|x86.ActiveCfg = Release|Any CPU
		{FA20BBF7-FAD4-4B46-805E-49AA5AC456F2}.Release|x86.Build.0 = Release|Any CPU
		{FA20BBF7-FAD4-4B46-805E-49AA5AC456F2}.ReleaseTypeScriptStrict|Any CPU.ActiveCfg = Release|Any CPU
		{FA20BBF7-FAD4-4B46-805E-49AA5AC456F2}.ReleaseTypeScriptStrict|Any CPU.Build.0 = Release|Any CPU
		{FA20BBF7-FAD4-4B46-805E-49AA5AC456F2}.ReleaseTypeScriptStrict|x64.ActiveCfg = Release|Any CPU
		{FA20BBF7-FAD4-4B46-805E-49AA5AC456F2}.ReleaseTypeScriptStrict|x64.Build.0 = Release|Any CPU
		{FA20BBF7-FAD4-4B46-805E-49AA5AC456F2}.ReleaseTypeScriptStrict|x86.ActiveCfg = Release|Any CPU
		{FA20BBF7-FAD4-4B46-805E-49AA5AC456F2}.ReleaseTypeScriptStrict|x86.Build.0 = Release|Any CPU
		{D4137570-2B1D-4712-AD15-6CB0022DBC61}.Debug|Any CPU.ActiveCfg = Debug|Any CPU
		{D4137570-2B1D-4712-AD15-6CB0022DBC61}.Debug|Any CPU.Build.0 = Debug|Any CPU
		{D4137570-2B1D-4712-AD15-6CB0022DBC61}.Debug|x64.ActiveCfg = Debug|Any CPU
		{D4137570-2B1D-4712-AD15-6CB0022DBC61}.Debug|x64.Build.0 = Debug|Any CPU
		{D4137570-2B1D-4712-AD15-6CB0022DBC61}.Debug|x86.ActiveCfg = Debug|Any CPU
		{D4137570-2B1D-4712-AD15-6CB0022DBC61}.Debug|x86.Build.0 = Debug|Any CPU
		{D4137570-2B1D-4712-AD15-6CB0022DBC61}.Release|Any CPU.ActiveCfg = Release|Any CPU
		{D4137570-2B1D-4712-AD15-6CB0022DBC61}.Release|Any CPU.Build.0 = Release|Any CPU
		{D4137570-2B1D-4712-AD15-6CB0022DBC61}.Release|x64.ActiveCfg = Release|Any CPU
		{D4137570-2B1D-4712-AD15-6CB0022DBC61}.Release|x64.Build.0 = Release|Any CPU
		{D4137570-2B1D-4712-AD15-6CB0022DBC61}.Release|x86.ActiveCfg = Release|Any CPU
		{D4137570-2B1D-4712-AD15-6CB0022DBC61}.Release|x86.Build.0 = Release|Any CPU
		{D4137570-2B1D-4712-AD15-6CB0022DBC61}.ReleaseTypeScriptStrict|Any CPU.ActiveCfg = Release|Any CPU
		{D4137570-2B1D-4712-AD15-6CB0022DBC61}.ReleaseTypeScriptStrict|Any CPU.Build.0 = Release|Any CPU
		{D4137570-2B1D-4712-AD15-6CB0022DBC61}.ReleaseTypeScriptStrict|x64.ActiveCfg = Release|Any CPU
		{D4137570-2B1D-4712-AD15-6CB0022DBC61}.ReleaseTypeScriptStrict|x64.Build.0 = Release|Any CPU
		{D4137570-2B1D-4712-AD15-6CB0022DBC61}.ReleaseTypeScriptStrict|x86.ActiveCfg = Release|Any CPU
		{D4137570-2B1D-4712-AD15-6CB0022DBC61}.ReleaseTypeScriptStrict|x86.Build.0 = Release|Any CPU
		{568B37ED-BD7F-44DA-A166-0F427D61ACFA}.Debug|Any CPU.ActiveCfg = Debug|Any CPU
		{568B37ED-BD7F-44DA-A166-0F427D61ACFA}.Debug|Any CPU.Build.0 = Debug|Any CPU
		{568B37ED-BD7F-44DA-A166-0F427D61ACFA}.Debug|x64.ActiveCfg = Debug|Any CPU
		{568B37ED-BD7F-44DA-A166-0F427D61ACFA}.Debug|x64.Build.0 = Debug|Any CPU
		{568B37ED-BD7F-44DA-A166-0F427D61ACFA}.Debug|x86.ActiveCfg = Debug|Any CPU
		{568B37ED-BD7F-44DA-A166-0F427D61ACFA}.Debug|x86.Build.0 = Debug|Any CPU
		{568B37ED-BD7F-44DA-A166-0F427D61ACFA}.Release|Any CPU.ActiveCfg = Release|Any CPU
		{568B37ED-BD7F-44DA-A166-0F427D61ACFA}.Release|Any CPU.Build.0 = Release|Any CPU
		{568B37ED-BD7F-44DA-A166-0F427D61ACFA}.Release|x64.ActiveCfg = Release|Any CPU
		{568B37ED-BD7F-44DA-A166-0F427D61ACFA}.Release|x64.Build.0 = Release|Any CPU
		{568B37ED-BD7F-44DA-A166-0F427D61ACFA}.Release|x86.ActiveCfg = Release|Any CPU
		{568B37ED-BD7F-44DA-A166-0F427D61ACFA}.Release|x86.Build.0 = Release|Any CPU
		{568B37ED-BD7F-44DA-A166-0F427D61ACFA}.ReleaseTypeScriptStrict|Any CPU.ActiveCfg = Release|Any CPU
		{568B37ED-BD7F-44DA-A166-0F427D61ACFA}.ReleaseTypeScriptStrict|Any CPU.Build.0 = Release|Any CPU
		{568B37ED-BD7F-44DA-A166-0F427D61ACFA}.ReleaseTypeScriptStrict|x64.ActiveCfg = Release|Any CPU
		{568B37ED-BD7F-44DA-A166-0F427D61ACFA}.ReleaseTypeScriptStrict|x64.Build.0 = Release|Any CPU
		{568B37ED-BD7F-44DA-A166-0F427D61ACFA}.ReleaseTypeScriptStrict|x86.ActiveCfg = Release|Any CPU
		{568B37ED-BD7F-44DA-A166-0F427D61ACFA}.ReleaseTypeScriptStrict|x86.Build.0 = Release|Any CPU
		{15F3A5CB-9A6F-46E4-81E1-A6A22BF61474}.Debug|Any CPU.ActiveCfg = Debug|Any CPU
		{15F3A5CB-9A6F-46E4-81E1-A6A22BF61474}.Debug|Any CPU.Build.0 = Debug|Any CPU
		{15F3A5CB-9A6F-46E4-81E1-A6A22BF61474}.Debug|x64.ActiveCfg = Debug|Any CPU
		{15F3A5CB-9A6F-46E4-81E1-A6A22BF61474}.Debug|x64.Build.0 = Debug|Any CPU
		{15F3A5CB-9A6F-46E4-81E1-A6A22BF61474}.Debug|x86.ActiveCfg = Debug|Any CPU
		{15F3A5CB-9A6F-46E4-81E1-A6A22BF61474}.Debug|x86.Build.0 = Debug|Any CPU
		{15F3A5CB-9A6F-46E4-81E1-A6A22BF61474}.Release|Any CPU.ActiveCfg = Release|Any CPU
		{15F3A5CB-9A6F-46E4-81E1-A6A22BF61474}.Release|Any CPU.Build.0 = Release|Any CPU
		{15F3A5CB-9A6F-46E4-81E1-A6A22BF61474}.Release|x64.ActiveCfg = Release|Any CPU
		{15F3A5CB-9A6F-46E4-81E1-A6A22BF61474}.Release|x64.Build.0 = Release|Any CPU
		{15F3A5CB-9A6F-46E4-81E1-A6A22BF61474}.Release|x86.ActiveCfg = Release|Any CPU
		{15F3A5CB-9A6F-46E4-81E1-A6A22BF61474}.Release|x86.Build.0 = Release|Any CPU
		{15F3A5CB-9A6F-46E4-81E1-A6A22BF61474}.ReleaseTypeScriptStrict|Any CPU.ActiveCfg = Release|Any CPU
		{15F3A5CB-9A6F-46E4-81E1-A6A22BF61474}.ReleaseTypeScriptStrict|Any CPU.Build.0 = Release|Any CPU
		{15F3A5CB-9A6F-46E4-81E1-A6A22BF61474}.ReleaseTypeScriptStrict|x64.ActiveCfg = Release|Any CPU
		{15F3A5CB-9A6F-46E4-81E1-A6A22BF61474}.ReleaseTypeScriptStrict|x64.Build.0 = Release|Any CPU
		{15F3A5CB-9A6F-46E4-81E1-A6A22BF61474}.ReleaseTypeScriptStrict|x86.ActiveCfg = Release|Any CPU
		{15F3A5CB-9A6F-46E4-81E1-A6A22BF61474}.ReleaseTypeScriptStrict|x86.Build.0 = Release|Any CPU
		{3747A186-A42E-4005-8A5E-1D65873D3822}.Debug|Any CPU.ActiveCfg = Debug|Any CPU
		{3747A186-A42E-4005-8A5E-1D65873D3822}.Debug|Any CPU.Build.0 = Debug|Any CPU
		{3747A186-A42E-4005-8A5E-1D65873D3822}.Debug|x64.ActiveCfg = Debug|Any CPU
		{3747A186-A42E-4005-8A5E-1D65873D3822}.Debug|x64.Build.0 = Debug|Any CPU
		{3747A186-A42E-4005-8A5E-1D65873D3822}.Debug|x86.ActiveCfg = Debug|Any CPU
		{3747A186-A42E-4005-8A5E-1D65873D3822}.Debug|x86.Build.0 = Debug|Any CPU
		{3747A186-A42E-4005-8A5E-1D65873D3822}.Release|Any CPU.ActiveCfg = Release|Any CPU
		{3747A186-A42E-4005-8A5E-1D65873D3822}.Release|Any CPU.Build.0 = Release|Any CPU
		{3747A186-A42E-4005-8A5E-1D65873D3822}.Release|x64.ActiveCfg = Release|Any CPU
		{3747A186-A42E-4005-8A5E-1D65873D3822}.Release|x64.Build.0 = Release|Any CPU
		{3747A186-A42E-4005-8A5E-1D65873D3822}.Release|x86.ActiveCfg = Release|Any CPU
		{3747A186-A42E-4005-8A5E-1D65873D3822}.Release|x86.Build.0 = Release|Any CPU
		{3747A186-A42E-4005-8A5E-1D65873D3822}.ReleaseTypeScriptStrict|Any CPU.ActiveCfg = Release|Any CPU
		{3747A186-A42E-4005-8A5E-1D65873D3822}.ReleaseTypeScriptStrict|Any CPU.Build.0 = Release|Any CPU
		{3747A186-A42E-4005-8A5E-1D65873D3822}.ReleaseTypeScriptStrict|x64.ActiveCfg = Release|Any CPU
		{3747A186-A42E-4005-8A5E-1D65873D3822}.ReleaseTypeScriptStrict|x64.Build.0 = Release|Any CPU
		{3747A186-A42E-4005-8A5E-1D65873D3822}.ReleaseTypeScriptStrict|x86.ActiveCfg = Release|Any CPU
		{3747A186-A42E-4005-8A5E-1D65873D3822}.ReleaseTypeScriptStrict|x86.Build.0 = Release|Any CPU
		{09B4E7BD-5E34-4A61-AA04-13B4BC05019D}.Debug|Any CPU.ActiveCfg = Debug|Any CPU
		{09B4E7BD-5E34-4A61-AA04-13B4BC05019D}.Debug|Any CPU.Build.0 = Debug|Any CPU
		{09B4E7BD-5E34-4A61-AA04-13B4BC05019D}.Debug|x64.ActiveCfg = Debug|Any CPU
		{09B4E7BD-5E34-4A61-AA04-13B4BC05019D}.Debug|x64.Build.0 = Debug|Any CPU
		{09B4E7BD-5E34-4A61-AA04-13B4BC05019D}.Debug|x86.ActiveCfg = Debug|Any CPU
		{09B4E7BD-5E34-4A61-AA04-13B4BC05019D}.Debug|x86.Build.0 = Debug|Any CPU
		{09B4E7BD-5E34-4A61-AA04-13B4BC05019D}.Release|Any CPU.ActiveCfg = Release|Any CPU
		{09B4E7BD-5E34-4A61-AA04-13B4BC05019D}.Release|Any CPU.Build.0 = Release|Any CPU
		{09B4E7BD-5E34-4A61-AA04-13B4BC05019D}.Release|x64.ActiveCfg = Release|Any CPU
		{09B4E7BD-5E34-4A61-AA04-13B4BC05019D}.Release|x64.Build.0 = Release|Any CPU
		{09B4E7BD-5E34-4A61-AA04-13B4BC05019D}.Release|x86.ActiveCfg = Release|Any CPU
		{09B4E7BD-5E34-4A61-AA04-13B4BC05019D}.Release|x86.Build.0 = Release|Any CPU
		{09B4E7BD-5E34-4A61-AA04-13B4BC05019D}.ReleaseTypeScriptStrict|Any CPU.ActiveCfg = Release|Any CPU
		{09B4E7BD-5E34-4A61-AA04-13B4BC05019D}.ReleaseTypeScriptStrict|Any CPU.Build.0 = Release|Any CPU
		{09B4E7BD-5E34-4A61-AA04-13B4BC05019D}.ReleaseTypeScriptStrict|x64.ActiveCfg = Release|Any CPU
		{09B4E7BD-5E34-4A61-AA04-13B4BC05019D}.ReleaseTypeScriptStrict|x64.Build.0 = Release|Any CPU
		{09B4E7BD-5E34-4A61-AA04-13B4BC05019D}.ReleaseTypeScriptStrict|x86.ActiveCfg = Release|Any CPU
		{09B4E7BD-5E34-4A61-AA04-13B4BC05019D}.ReleaseTypeScriptStrict|x86.Build.0 = Release|Any CPU
		{53325157-44A6-4BD7-A471-6425F7B0B16D}.Debug|Any CPU.ActiveCfg = Debug|Any CPU
		{53325157-44A6-4BD7-A471-6425F7B0B16D}.Debug|Any CPU.Build.0 = Debug|Any CPU
		{53325157-44A6-4BD7-A471-6425F7B0B16D}.Debug|x64.ActiveCfg = Debug|Any CPU
		{53325157-44A6-4BD7-A471-6425F7B0B16D}.Debug|x64.Build.0 = Debug|Any CPU
		{53325157-44A6-4BD7-A471-6425F7B0B16D}.Debug|x86.ActiveCfg = Debug|Any CPU
		{53325157-44A6-4BD7-A471-6425F7B0B16D}.Debug|x86.Build.0 = Debug|Any CPU
		{53325157-44A6-4BD7-A471-6425F7B0B16D}.Release|Any CPU.ActiveCfg = Release|Any CPU
		{53325157-44A6-4BD7-A471-6425F7B0B16D}.Release|Any CPU.Build.0 = Release|Any CPU
		{53325157-44A6-4BD7-A471-6425F7B0B16D}.Release|x64.ActiveCfg = Release|Any CPU
		{53325157-44A6-4BD7-A471-6425F7B0B16D}.Release|x64.Build.0 = Release|Any CPU
		{53325157-44A6-4BD7-A471-6425F7B0B16D}.Release|x86.ActiveCfg = Release|Any CPU
		{53325157-44A6-4BD7-A471-6425F7B0B16D}.Release|x86.Build.0 = Release|Any CPU
		{53325157-44A6-4BD7-A471-6425F7B0B16D}.ReleaseTypeScriptStrict|Any CPU.ActiveCfg = Release|Any CPU
		{53325157-44A6-4BD7-A471-6425F7B0B16D}.ReleaseTypeScriptStrict|Any CPU.Build.0 = Release|Any CPU
		{53325157-44A6-4BD7-A471-6425F7B0B16D}.ReleaseTypeScriptStrict|x64.ActiveCfg = Release|Any CPU
		{53325157-44A6-4BD7-A471-6425F7B0B16D}.ReleaseTypeScriptStrict|x64.Build.0 = Release|Any CPU
		{53325157-44A6-4BD7-A471-6425F7B0B16D}.ReleaseTypeScriptStrict|x86.ActiveCfg = Release|Any CPU
		{53325157-44A6-4BD7-A471-6425F7B0B16D}.ReleaseTypeScriptStrict|x86.Build.0 = Release|Any CPU
		{1D254BDD-0B89-49FD-8CCA-A2CC1770BC08}.Debug|Any CPU.ActiveCfg = Debug|Any CPU
		{1D254BDD-0B89-49FD-8CCA-A2CC1770BC08}.Debug|Any CPU.Build.0 = Debug|Any CPU
		{1D254BDD-0B89-49FD-8CCA-A2CC1770BC08}.Debug|x64.ActiveCfg = Debug|Any CPU
		{1D254BDD-0B89-49FD-8CCA-A2CC1770BC08}.Debug|x64.Build.0 = Debug|Any CPU
		{1D254BDD-0B89-49FD-8CCA-A2CC1770BC08}.Debug|x86.ActiveCfg = Debug|Any CPU
		{1D254BDD-0B89-49FD-8CCA-A2CC1770BC08}.Debug|x86.Build.0 = Debug|Any CPU
		{1D254BDD-0B89-49FD-8CCA-A2CC1770BC08}.Release|Any CPU.ActiveCfg = Release|Any CPU
		{1D254BDD-0B89-49FD-8CCA-A2CC1770BC08}.Release|Any CPU.Build.0 = Release|Any CPU
		{1D254BDD-0B89-49FD-8CCA-A2CC1770BC08}.Release|x64.ActiveCfg = Release|Any CPU
		{1D254BDD-0B89-49FD-8CCA-A2CC1770BC08}.Release|x64.Build.0 = Release|Any CPU
		{1D254BDD-0B89-49FD-8CCA-A2CC1770BC08}.Release|x86.ActiveCfg = Release|Any CPU
		{1D254BDD-0B89-49FD-8CCA-A2CC1770BC08}.Release|x86.Build.0 = Release|Any CPU
		{1D254BDD-0B89-49FD-8CCA-A2CC1770BC08}.ReleaseTypeScriptStrict|Any CPU.ActiveCfg = Release|Any CPU
		{1D254BDD-0B89-49FD-8CCA-A2CC1770BC08}.ReleaseTypeScriptStrict|Any CPU.Build.0 = Release|Any CPU
		{1D254BDD-0B89-49FD-8CCA-A2CC1770BC08}.ReleaseTypeScriptStrict|x64.ActiveCfg = Release|Any CPU
		{1D254BDD-0B89-49FD-8CCA-A2CC1770BC08}.ReleaseTypeScriptStrict|x64.Build.0 = Release|Any CPU
		{1D254BDD-0B89-49FD-8CCA-A2CC1770BC08}.ReleaseTypeScriptStrict|x86.ActiveCfg = Release|Any CPU
		{1D254BDD-0B89-49FD-8CCA-A2CC1770BC08}.ReleaseTypeScriptStrict|x86.Build.0 = Release|Any CPU
		{02879B2A-4393-4D76-91CC-244893EE5603}.Debug|Any CPU.ActiveCfg = Debug|Any CPU
		{02879B2A-4393-4D76-91CC-244893EE5603}.Debug|Any CPU.Build.0 = Debug|Any CPU
		{02879B2A-4393-4D76-91CC-244893EE5603}.Debug|x64.ActiveCfg = Debug|Any CPU
		{02879B2A-4393-4D76-91CC-244893EE5603}.Debug|x64.Build.0 = Debug|Any CPU
		{02879B2A-4393-4D76-91CC-244893EE5603}.Debug|x86.ActiveCfg = Debug|Any CPU
		{02879B2A-4393-4D76-91CC-244893EE5603}.Debug|x86.Build.0 = Debug|Any CPU
		{02879B2A-4393-4D76-91CC-244893EE5603}.Release|Any CPU.ActiveCfg = Release|Any CPU
		{02879B2A-4393-4D76-91CC-244893EE5603}.Release|Any CPU.Build.0 = Release|Any CPU
		{02879B2A-4393-4D76-91CC-244893EE5603}.Release|x64.ActiveCfg = Release|Any CPU
		{02879B2A-4393-4D76-91CC-244893EE5603}.Release|x64.Build.0 = Release|Any CPU
		{02879B2A-4393-4D76-91CC-244893EE5603}.Release|x86.ActiveCfg = Release|Any CPU
		{02879B2A-4393-4D76-91CC-244893EE5603}.Release|x86.Build.0 = Release|Any CPU
		{02879B2A-4393-4D76-91CC-244893EE5603}.ReleaseTypeScriptStrict|Any CPU.ActiveCfg = Release|Any CPU
		{02879B2A-4393-4D76-91CC-244893EE5603}.ReleaseTypeScriptStrict|Any CPU.Build.0 = Release|Any CPU
		{02879B2A-4393-4D76-91CC-244893EE5603}.ReleaseTypeScriptStrict|x64.ActiveCfg = Release|Any CPU
		{02879B2A-4393-4D76-91CC-244893EE5603}.ReleaseTypeScriptStrict|x64.Build.0 = Release|Any CPU
		{02879B2A-4393-4D76-91CC-244893EE5603}.ReleaseTypeScriptStrict|x86.ActiveCfg = Release|Any CPU
		{02879B2A-4393-4D76-91CC-244893EE5603}.ReleaseTypeScriptStrict|x86.Build.0 = Release|Any CPU
		{505BA79C-F520-45FB-81BA-1E70D503181F}.Debug|Any CPU.ActiveCfg = Debug|Any CPU
		{505BA79C-F520-45FB-81BA-1E70D503181F}.Debug|Any CPU.Build.0 = Debug|Any CPU
		{505BA79C-F520-45FB-81BA-1E70D503181F}.Debug|x64.ActiveCfg = Debug|Any CPU
		{505BA79C-F520-45FB-81BA-1E70D503181F}.Debug|x64.Build.0 = Debug|Any CPU
		{505BA79C-F520-45FB-81BA-1E70D503181F}.Debug|x86.ActiveCfg = Debug|Any CPU
		{505BA79C-F520-45FB-81BA-1E70D503181F}.Debug|x86.Build.0 = Debug|Any CPU
		{505BA79C-F520-45FB-81BA-1E70D503181F}.Release|Any CPU.ActiveCfg = Release|Any CPU
		{505BA79C-F520-45FB-81BA-1E70D503181F}.Release|Any CPU.Build.0 = Release|Any CPU
		{505BA79C-F520-45FB-81BA-1E70D503181F}.Release|x64.ActiveCfg = Release|Any CPU
		{505BA79C-F520-45FB-81BA-1E70D503181F}.Release|x64.Build.0 = Release|Any CPU
		{505BA79C-F520-45FB-81BA-1E70D503181F}.Release|x86.ActiveCfg = Release|Any CPU
		{505BA79C-F520-45FB-81BA-1E70D503181F}.Release|x86.Build.0 = Release|Any CPU
		{505BA79C-F520-45FB-81BA-1E70D503181F}.ReleaseTypeScriptStrict|Any CPU.ActiveCfg = Release|Any CPU
		{505BA79C-F520-45FB-81BA-1E70D503181F}.ReleaseTypeScriptStrict|Any CPU.Build.0 = Release|Any CPU
		{505BA79C-F520-45FB-81BA-1E70D503181F}.ReleaseTypeScriptStrict|x64.ActiveCfg = Release|Any CPU
		{505BA79C-F520-45FB-81BA-1E70D503181F}.ReleaseTypeScriptStrict|x64.Build.0 = Release|Any CPU
		{505BA79C-F520-45FB-81BA-1E70D503181F}.ReleaseTypeScriptStrict|x86.ActiveCfg = Release|Any CPU
		{505BA79C-F520-45FB-81BA-1E70D503181F}.ReleaseTypeScriptStrict|x86.Build.0 = Release|Any CPU
		{EFB5F0AE-D227-48BB-BD8A-71EDBAFC90C2}.Debug|Any CPU.ActiveCfg = Debug|Any CPU
		{EFB5F0AE-D227-48BB-BD8A-71EDBAFC90C2}.Debug|Any CPU.Build.0 = Debug|Any CPU
		{EFB5F0AE-D227-48BB-BD8A-71EDBAFC90C2}.Debug|x64.ActiveCfg = Debug|Any CPU
		{EFB5F0AE-D227-48BB-BD8A-71EDBAFC90C2}.Debug|x64.Build.0 = Debug|Any CPU
		{EFB5F0AE-D227-48BB-BD8A-71EDBAFC90C2}.Debug|x86.ActiveCfg = Debug|Any CPU
		{EFB5F0AE-D227-48BB-BD8A-71EDBAFC90C2}.Debug|x86.Build.0 = Debug|Any CPU
		{EFB5F0AE-D227-48BB-BD8A-71EDBAFC90C2}.Release|Any CPU.ActiveCfg = Release|Any CPU
		{EFB5F0AE-D227-48BB-BD8A-71EDBAFC90C2}.Release|Any CPU.Build.0 = Release|Any CPU
		{EFB5F0AE-D227-48BB-BD8A-71EDBAFC90C2}.Release|x64.ActiveCfg = Release|Any CPU
		{EFB5F0AE-D227-48BB-BD8A-71EDBAFC90C2}.Release|x64.Build.0 = Release|Any CPU
		{EFB5F0AE-D227-48BB-BD8A-71EDBAFC90C2}.Release|x86.ActiveCfg = Release|Any CPU
		{EFB5F0AE-D227-48BB-BD8A-71EDBAFC90C2}.Release|x86.Build.0 = Release|Any CPU
		{EFB5F0AE-D227-48BB-BD8A-71EDBAFC90C2}.ReleaseTypeScriptStrict|Any CPU.ActiveCfg = Release|Any CPU
		{EFB5F0AE-D227-48BB-BD8A-71EDBAFC90C2}.ReleaseTypeScriptStrict|Any CPU.Build.0 = Release|Any CPU
		{EFB5F0AE-D227-48BB-BD8A-71EDBAFC90C2}.ReleaseTypeScriptStrict|x64.ActiveCfg = Release|Any CPU
		{EFB5F0AE-D227-48BB-BD8A-71EDBAFC90C2}.ReleaseTypeScriptStrict|x64.Build.0 = Release|Any CPU
		{EFB5F0AE-D227-48BB-BD8A-71EDBAFC90C2}.ReleaseTypeScriptStrict|x86.ActiveCfg = Release|Any CPU
		{EFB5F0AE-D227-48BB-BD8A-71EDBAFC90C2}.ReleaseTypeScriptStrict|x86.Build.0 = Release|Any CPU
		{BBA88EFE-DEE3-477E-B672-B273474326B5}.Debug|Any CPU.ActiveCfg = Debug|Any CPU
		{BBA88EFE-DEE3-477E-B672-B273474326B5}.Debug|Any CPU.Build.0 = Debug|Any CPU
		{BBA88EFE-DEE3-477E-B672-B273474326B5}.Debug|x64.ActiveCfg = Debug|Any CPU
		{BBA88EFE-DEE3-477E-B672-B273474326B5}.Debug|x64.Build.0 = Debug|Any CPU
		{BBA88EFE-DEE3-477E-B672-B273474326B5}.Debug|x86.ActiveCfg = Debug|Any CPU
		{BBA88EFE-DEE3-477E-B672-B273474326B5}.Debug|x86.Build.0 = Debug|Any CPU
		{BBA88EFE-DEE3-477E-B672-B273474326B5}.Release|Any CPU.ActiveCfg = Release|Any CPU
		{BBA88EFE-DEE3-477E-B672-B273474326B5}.Release|Any CPU.Build.0 = Release|Any CPU
		{BBA88EFE-DEE3-477E-B672-B273474326B5}.Release|x64.ActiveCfg = Release|Any CPU
		{BBA88EFE-DEE3-477E-B672-B273474326B5}.Release|x64.Build.0 = Release|Any CPU
		{BBA88EFE-DEE3-477E-B672-B273474326B5}.Release|x86.ActiveCfg = Release|Any CPU
		{BBA88EFE-DEE3-477E-B672-B273474326B5}.Release|x86.Build.0 = Release|Any CPU
		{BBA88EFE-DEE3-477E-B672-B273474326B5}.ReleaseTypeScriptStrict|Any CPU.ActiveCfg = Release|Any CPU
		{BBA88EFE-DEE3-477E-B672-B273474326B5}.ReleaseTypeScriptStrict|Any CPU.Build.0 = Release|Any CPU
		{BBA88EFE-DEE3-477E-B672-B273474326B5}.ReleaseTypeScriptStrict|x64.ActiveCfg = Release|Any CPU
		{BBA88EFE-DEE3-477E-B672-B273474326B5}.ReleaseTypeScriptStrict|x64.Build.0 = Release|Any CPU
		{BBA88EFE-DEE3-477E-B672-B273474326B5}.ReleaseTypeScriptStrict|x86.ActiveCfg = Release|Any CPU
		{BBA88EFE-DEE3-477E-B672-B273474326B5}.ReleaseTypeScriptStrict|x86.Build.0 = Release|Any CPU
		{2C56109C-F728-49AC-A929-6C21AB0A5681}.Debug|Any CPU.ActiveCfg = Debug|Any CPU
		{2C56109C-F728-49AC-A929-6C21AB0A5681}.Debug|Any CPU.Build.0 = Debug|Any CPU
		{2C56109C-F728-49AC-A929-6C21AB0A5681}.Debug|x64.ActiveCfg = Debug|Any CPU
		{2C56109C-F728-49AC-A929-6C21AB0A5681}.Debug|x64.Build.0 = Debug|Any CPU
		{2C56109C-F728-49AC-A929-6C21AB0A5681}.Debug|x86.ActiveCfg = Debug|Any CPU
		{2C56109C-F728-49AC-A929-6C21AB0A5681}.Debug|x86.Build.0 = Debug|Any CPU
		{2C56109C-F728-49AC-A929-6C21AB0A5681}.Release|Any CPU.ActiveCfg = Release|Any CPU
		{2C56109C-F728-49AC-A929-6C21AB0A5681}.Release|Any CPU.Build.0 = Release|Any CPU
		{2C56109C-F728-49AC-A929-6C21AB0A5681}.Release|x64.ActiveCfg = Release|Any CPU
		{2C56109C-F728-49AC-A929-6C21AB0A5681}.Release|x64.Build.0 = Release|Any CPU
		{2C56109C-F728-49AC-A929-6C21AB0A5681}.Release|x86.ActiveCfg = Release|Any CPU
		{2C56109C-F728-49AC-A929-6C21AB0A5681}.Release|x86.Build.0 = Release|Any CPU
		{2C56109C-F728-49AC-A929-6C21AB0A5681}.ReleaseTypeScriptStrict|Any CPU.ActiveCfg = Release|Any CPU
		{2C56109C-F728-49AC-A929-6C21AB0A5681}.ReleaseTypeScriptStrict|Any CPU.Build.0 = Release|Any CPU
		{2C56109C-F728-49AC-A929-6C21AB0A5681}.ReleaseTypeScriptStrict|x64.ActiveCfg = Release|Any CPU
		{2C56109C-F728-49AC-A929-6C21AB0A5681}.ReleaseTypeScriptStrict|x64.Build.0 = Release|Any CPU
		{2C56109C-F728-49AC-A929-6C21AB0A5681}.ReleaseTypeScriptStrict|x86.ActiveCfg = Release|Any CPU
		{2C56109C-F728-49AC-A929-6C21AB0A5681}.ReleaseTypeScriptStrict|x86.Build.0 = Release|Any CPU
	EndGlobalSection
	GlobalSection(SolutionProperties) = preSolution
		HideSolutionNode = FALSE
	EndGlobalSection
	GlobalSection(NestedProjects) = preSolution
		{15267FDE-608A-46F6-A918-13C77D597A40} = {D5FF3F7D-2ADF-49EA-BD3C-E6632BEEE53F}
		{63463C86-D35E-4B65-9869-A4EBB18A5449} = {DAED3582-94B9-4C5F-BA02-400EB95FB92A}
		{BB95A971-E3AD-4AE5-8F64-661ED463F093} = {644107BC-4E85-43FF-B92C-E4667910EE05}
		{53C96A4B-92B4-4402-A88C-0282E50511BB} = {644107BC-4E85-43FF-B92C-E4667910EE05}
		{5A58C061-C781-4C0B-A6FC-748F37E0A2A3} = {644107BC-4E85-43FF-B92C-E4667910EE05}
		{CEB216B9-EFB0-48E1-AF63-B9374964BE2F} = {644107BC-4E85-43FF-B92C-E4667910EE05}
		{75DA1426-2B38-4B9D-BF42-A70871F5105C} = {D5FF3F7D-2ADF-49EA-BD3C-E6632BEEE53F}
		{41E37F06-DB2C-46EE-A4F4-44504F394DF2} = {644107BC-4E85-43FF-B92C-E4667910EE05}
		{B38A6D29-D203-4E67-AFFD-592E5000C14A} = {D5FF3F7D-2ADF-49EA-BD3C-E6632BEEE53F}
		{E5CF6FE1-8418-4C88-BB14-EEB9F7145618} = {D5FF3F7D-2ADF-49EA-BD3C-E6632BEEE53F}
		{AB9B8158-849D-4F72-A4E5-3E4E5C44B149} = {644107BC-4E85-43FF-B92C-E4667910EE05}
		{8EEC29B7-088D-41C4-A8B7-5F6EF0C4ACFE} = {DAED3582-94B9-4C5F-BA02-400EB95FB92A}
		{FA20BBF7-FAD4-4B46-805E-49AA5AC456F2} = {644107BC-4E85-43FF-B92C-E4667910EE05}
		{D4137570-2B1D-4712-AD15-6CB0022DBC61} = {D5FF3F7D-2ADF-49EA-BD3C-E6632BEEE53F}
		{568B37ED-BD7F-44DA-A166-0F427D61ACFA} = {D5FF3F7D-2ADF-49EA-BD3C-E6632BEEE53F}
		{15F3A5CB-9A6F-46E4-81E1-A6A22BF61474} = {D5FF3F7D-2ADF-49EA-BD3C-E6632BEEE53F}
		{3747A186-A42E-4005-8A5E-1D65873D3822} = {644107BC-4E85-43FF-B92C-E4667910EE05}
		{09B4E7BD-5E34-4A61-AA04-13B4BC05019D} = {D5FF3F7D-2ADF-49EA-BD3C-E6632BEEE53F}
		{1D254BDD-0B89-49FD-8CCA-A2CC1770BC08} = {644107BC-4E85-43FF-B92C-E4667910EE05}
		{02879B2A-4393-4D76-91CC-244893EE5603} = {53E78366-C5D5-4FA6-8C48-825D854D20AC}
		{81229E6E-0DC8-4DFF-89C4-40215010FD03} = {53E78366-C5D5-4FA6-8C48-825D854D20AC}
		{505BA79C-F520-45FB-81BA-1E70D503181F} = {81229E6E-0DC8-4DFF-89C4-40215010FD03}
		{EFB5F0AE-D227-48BB-BD8A-71EDBAFC90C2} = {53E78366-C5D5-4FA6-8C48-825D854D20AC}
		{0CCBA731-36A0-48C5-8FEE-D23D6E40BF47} = {53E78366-C5D5-4FA6-8C48-825D854D20AC}
		{BBA88EFE-DEE3-477E-B672-B273474326B5} = {0CCBA731-36A0-48C5-8FEE-D23D6E40BF47}
		{2C56109C-F728-49AC-A929-6C21AB0A5681} = {53E78366-C5D5-4FA6-8C48-825D854D20AC}
	EndGlobalSection
	GlobalSection(ExtensibilityGlobals) = postSolution
		SolutionGuid = {98FCEEE2-A45C-41E7-B2ED-1B14755E9067}
	EndGlobalSection
EndGlobal
